# This file is autogenerated, do not edit; changes may be undone by the next 'dep ensure'.


[[projects]]
  name = "github.com/beorn7/perks"
  packages = ["quantile"]
  revision = "4c0e84591b9aa9e6dcfdf3e020114cd81f89d5f9"

[[projects]]
  name = "github.com/coreos/etcd"
  packages = [
    "etcdserver/stats",
    "pkg/crc",
    "pkg/fileutil",
    "pkg/httputil",
    "pkg/ioutil",
    "pkg/logutil",
    "pkg/pbutil",
    "pkg/tlsutil",
    "pkg/transport",
    "pkg/types",
    "raft",
    "raft/raftpb",
    "snap",
    "snap/snappb",
    "version",
    "wal/walpb"
  ]
  revision = "27fc7e2296f506182f58ce846e48f36b34fe6842"
  version = "v3.3.10"

[[projects]]
  name = "github.com/coreos/go-semver"
  packages = ["semver"]
  revision = "568e959cd89871e61434c1143528d9162da89ef2"

[[projects]]
  name = "github.com/coreos/go-systemd"
  packages = ["journal"]
  revision = "48702e0da86bd25e76cfef347e2adeb434a0d0a6"
  version = "v14"

[[projects]]
  name = "github.com/coreos/pkg"
  packages = ["capnslog"]
  revision = "3ac0863d7acf3bc44daf49afef8919af12f704ef"
  version = "v3"

[[projects]]
  name = "github.com/eapache/channels"
  packages = ["."]
  revision = "47238d5aae8c0fefd518ef2bee46290909cf8263"
  version = "v1.1.0"

[[projects]]
  name = "github.com/eapache/queue"
  packages = ["."]
  revision = "44cc805cf13205b55f69e14bcb69867d1ae92f98"
  version = "v1.1.0"

[[projects]]
  name = "github.com/gogo/protobuf"
  packages = [
    "gogoproto",
    "proto",
    "protoc-gen-gogo/descriptor"
  ]
  revision = "909568be09de550ed094403c2bf8a261b5bb730a"
  version = "v0.3"

[[projects]]
  name = "github.com/golang/protobuf"
  packages = ["proto"]
  revision = "4bd1920723d7b7c925de087aa32e2187708897f7"

[[projects]]
  name = "github.com/matttproud/golang_protobuf_extensions"
  packages = ["pbutil"]
  revision = "c12348ce28de40eed0136aa2b644d0ee0650e56c"
  version = "v1.0.1"

[[projects]]
  name = "github.com/prometheus/client_golang"
  packages = ["prometheus"]
  revision = "c5b7fccd204277076155f10851dad72b76a49317"
  version = "v0.8.0"

[[projects]]
  name = "github.com/prometheus/client_model"
  packages = ["go"]
  revision = "fa8ad6fec33561be4280a8f0514318c79d7f6cb6"

[[projects]]
  name = "github.com/prometheus/common"
  packages = [
    "expfmt",
    "internal/bitbucket.org/ww/goautoneg",
    "model"
  ]
  revision = "195bde7883f7c39ea62b0d92ab7359b5327065cb"

[[projects]]
  name = "github.com/prometheus/procfs"
  packages = ["."]
  revision = "fcdb11ccb4389efb1b210b7ffb623ab71c5fdd60"

[[projects]]
  name = "github.com/xiang90/probing"
  packages = ["."]
  revision = "07dd2e8dfe18522e9c447ba95f2fe95262f63bb2"
  version = "0.0.1"

[[projects]]
  name = "golang.org/x/net"
  packages = ["context"]
  revision = "f2499483f923065a842d38eb4c7f1927e6fc6e6d"

[solve-meta]
  analyzer-name = "dep"
  analyzer-version = 1
  inputs-digest = "64e63222335b673b9b086b09a8c2ad7bbe31d2224d78e80038fcfd98cee8470b"
  solver-name = "gps-cdcl"
  solver-version = 1
